Microsoft Visual Studio Solution File, Format Version 12.00
# Visual Studio Version 17
VisualStudioVersion = 17.5.2.0
MinimumVisualStudioVersion = 10.0.40219.1
Project("{2150E333-8FDC-42A3-9474-1A3956D46DE8}") = "mcp_katas", "mcp_katas", "{FD8E8638-1D60-5908-A27F-283A6A35D79C}"
EndProject
Project("{2150E333-8FDC-42A3-9474-1A3956D46DE8}") = "weather-api", "weather-api", "{AB29E87D-C5D2-9EB6-F495-4E0F0F7FC18A}"
EndProject
Project("{FAE04EC0-301F-11D3-BF4B-00C04F79EFBC}") = "Project", "mcp_katas\weather-api\cs\Project.csproj", "{77FFB43C-EED4-F36A-A255-EFDE7C67D93D}"
EndProject
Project("{2150E333-8FDC-42A3-9474-1A3956D46DE8}") = "random-facts", "random-facts", "{3532A5B4-CE98-A403-3483-A954D104D2B0}"
EndProject
Project("{FAE04EC0-301F-11D3-BF4B-00C04F79EFBC}") = "Project", "mcp_katas\random-facts\cs\Project.csproj", "{6EA33C12-147B-1111-DA43-3C65661C18CE}"
EndProject
Project("{2150E333-8FDC-42A3-9474-1A3956D46DE8}") = "carbon-intensity", "carbon-intensity", "{9C7C3BCD-2FF9-2F66-8C0A-3A8274CF46A0}"
EndProject
Project("{FAE04EC0-301F-11D3-BF4B-00C04F79EFBC}") = "Project", "mcp_katas\carbon-intensity\cs\Project.csproj", "{C7ACF3F1-4B2E-8521-0A52-5FDBAB6B0CCE}"
EndProject
Project("{2150E333-8FDC-42A3-9474-1A3956D46DE8}") = "currency-exchange", "currency-exchange", "{2EA51E45-6BCF-411B-FCEF-C8B06C8246E3}"
EndProject
Project("{FAE04EC0-301F-11D3-BF4B-00C04F79EFBC}") = "Project", "mcp_katas\currency-exchange\cs\Project.csproj", "{43021D49-3C78-E9A0-A466-E816968AFBD0}"
EndProject
Global
	GlobalSection(SolutionConfigurationPlatforms) = preSolution
		Debug|Any CPU = Debug|Any CPU
		Release|Any CPU = Release|Any CPU
	EndGlobalSection
	GlobalSection(ProjectConfigurationPlatforms) = postSolution
		{77FFB43C-EED4-F36A-A255-EFDE7C67D93D}.Debug|Any CPU.ActiveCfg = Debug|Any CPU
		{77FFB43C-EED4-F36A-A255-EFDE7C67D93D}.Debug|Any CPU.Build.0 = Debug|Any CPU
		{77FFB43C-EED4-F36A-A255-EFDE7C67D93D}.Release|Any CPU.ActiveCfg = Release|Any CPU
		{77FFB43C-EED4-F36A-A255-EFDE7C67D93D}.Release|Any CPU.Build.0 = Release|Any CPU
		{6EA33C12-147B-1111-DA43-3C65661C18CE}.Debug|Any CPU.ActiveCfg = Debug|Any CPU
		{6EA33C12-147B-1111-DA43-3C65661C18CE}.Debug|Any CPU.Build.0 = Debug|Any CPU
		{6EA33C12-147B-1111-DA43-3C65661C18CE}.Release|Any CPU.ActiveCfg = Release|Any CPU
		{6EA33C12-147B-1111-DA43-3C65661C18CE}.Release|Any CPU.Build.0 = Release|Any CPU
		{C7ACF3F1-4B2E-8521-0A52-5FDBAB6B0CCE}.Debug|Any CPU.ActiveCfg = Debug|Any CPU
		{C7ACF3F1-4B2E-8521-0A52-5FDBAB6B0CCE}.Debug|Any CPU.Build.0 = Debug|Any CPU
		{C7ACF3F1-4B2E-8521-0A52-5FDBAB6B0CCE}.Release|Any CPU.ActiveCfg = Release|Any CPU
		{C7ACF3F1-4B2E-8521-0A52-5FDBAB6B0CCE}.Release|Any CPU.Build.0 = Release|Any CPU
		{43021D49-3C78-E9A0-A466-E816968AFBD0}.Debug|Any CPU.ActiveCfg = Debug|Any CPU
		{43021D49-3C78-E9A0-A466-E816968AFBD0}.Debug|Any CPU.Build.0 = Debug|Any CPU
		{43021D49-3C78-E9A0-A466-E816968AFBD0}.Release|Any CPU.ActiveCfg = Release|Any CPU
		{43021D49-3C78-E9A0-A466-E816968AFBD0}.Release|Any CPU.Build.0 = Release|Any CPU
	EndGlobalSection
	GlobalSection(SolutionProperties) = preSolution
		HideSolutionNode = FALSE
	EndGlobalSection
	GlobalSection(NestedProjects) = preSolution
		{AB29E87D-C5D2-9EB6-F495-4E0F0F7FC18A} = {FD8E8638-1D60-5908-A27F-283A6A35D79C}
		{77FFB43C-EED4-F36A-A255-EFDE7C67D93D} = {AB29E87D-C5D2-9EB6-F495-4E0F0F7FC18A}
		{3532A5B4-CE98-A403-3483-A954D104D2B0} = {FD8E8638-1D60-5908-A27F-283A6A35D79C}
		{6EA33C12-147B-1111-DA43-3C65661C18CE} = {3532A5B4-CE98-A403-3483-A954D104D2B0}
		{9C7C3BCD-2FF9-2F66-8C0A-3A8274CF46A0} = {FD8E8638-1D60-5908-A27F-283A6A35D79C}
		{C7ACF3F1-4B2E-8521-0A52-5FDBAB6B0CCE} = {9C7C3BCD-2FF9-2F66-8C0A-3A8274CF46A0}
		{2EA51E45-6BCF-411B-FCEF-C8B06C8246E3} = {FD8E8638-1D60-5908-A27F-283A6A35D79C}
		{43021D49-3C78-E9A0-A466-E816968AFBD0} = {2EA51E45-6BCF-411B-FCEF-C8B06C8246E3}
	EndGlobalSection
	GlobalSection(ExtensibilityGlobals) = postSolution
		SolutionGuid = {13136526-4AFF-4E61-846E-7D7DBC0F4894}
	EndGlobalSection
EndGlobal
